PODS:
  - Alamofire (4.7.3)
  - AlamofireImage (3.4.0):
    - Alamofire (~> 4.7)
  - KeychainAccess (3.1.1)
  - OAuthSwift (1.2.2)
  - OAuthSwiftAlamofire (0.2.0):
    - Alamofire
    - OAuthSwift
  - TTTAttributedLabel (2.0.0)

DEPENDENCIES:
  - Alamofire
  - AlamofireImage
  - KeychainAccess
  - OAuthSwift
  - OAuthSwiftAlamofire
  - TTTAttributedLabel

SPEC REPOS:
  https://github.com/cocoapods/specs.git:
    - Alamofire
    - AlamofireImage
    - KeychainAccess
    - OAuthSwift
    - OAuthSwiftAlamofire
    - TTTAttributedLabel

SPEC CHECKSUMS:
  Alamofire: c7287b6e5d7da964a70935e5db17046b7fde6568
  AlamofireImage: 5f79836de27236819b13b27d0c97be6c205976fe
  KeychainAccess: 7bd430028059754a3debab3cfc0bd1fc7fb85df3
  OAuthSwift: 27b34fe80b76b67cd8f45571e0be2432bc9f6de1
  OAuthSwiftAlamofire: e51f11ff579dd4293bfe2a1a24c658caad4dac35
  TTTAttributedLabel: 8cffe8e127e4e82ff3af1e5386d4cd0ad000b656

PODFILE CHECKSUM: c30dd4f907a4178d85993eb9767024d3ebdc465e

COCOAPODS: 1.5.3
